
Microsoft Visual Studio Solution File, Format Version 12.00
# Visual Studio Version 17
VisualStudioVersion = 17.4.33205.214
MinimumVisualStudioVersion = 10.0.40219.1
Project("{FAE04EC0-301F-11D3-BF4B-00C04F79EFBC}") = "WebProgrammingPlatform", "WebProgrammingPlatform\WebProgrammingPlatform.csproj", "{D7E6AE15-D99A-4631-AD95-DA2C382B7CEF}"
EndProject
Global
	GlobalSection(SolutionConfigurationPlatforms) = preSolution
		Debug|Any CPU = Debug|Any CPU
		Release|Any CPU = Release|Any CPU
	EndGlobalSection
	GlobalSection(ProjectConfigurationPlatforms) = postSolution
		{D7E6AE15-D99A-4631-AD95-DA2C382B7CEF}.Debug|Any CPU.ActiveCfg = Debug|Any CPU
		{D7E6AE15-D99A-4631-AD95-DA2C382B7CEF}.Debug|Any CPU.Build.0 = Debug|Any CPU
		{D7E6AE15-D99A-4631-AD95-DA2C382B7CEF}.Release|Any CPU.ActiveCfg = Release|Any CPU
		{D7E6AE15-D99A-4631-AD95-DA2C382B7CEF}.Release|Any CPU.Build.0 = Release|Any CPU
	EndGlobalSection
	GlobalSection(SolutionProperties) = preSolution
		HideSolutionNode = FALSE
	EndGlobalSection
	GlobalSection(ExtensibilityGlobals) = postSolution
		SolutionGuid = {5BE44C97-A2B1-4B74-B0F8-F075A4250347}
	EndGlobalSection
EndGlobal
